// !$*UTF8*$!
{
	archiveVersion = 1;
	classes = {
	};
	objectVersion = 50;
	objects = {

/* Begin PBXBuildFile section */
		114D598F240E7F9C00FC95E6 /* AppDelegate.swift in Sources */ = {isa = PBXBuildFile; fileRef = 114D598E240E7F9C00FC95E6 /* AppDelegate.swift */; };
		114D5991240E7F9C00FC95E6 /* SceneDelegate.swift in Sources */ = {isa = PBXBuildFile; fileRef = 114D5990240E7F9C00FC95E6 /* SceneDelegate.swift */; };
		114D5993240E7F9C00FC95E6 /* ContentView.swift in Sources */ = {isa = PBXBuildFile; fileRef = 114D5992240E7F9C00FC95E6 /* ContentView.swift */; };
		114D5995240E7F9D00FC95E6 /* Assets.xcassets in Resources */ = {isa = PBXBuildFile; fileRef = 114D5994240E7F9D00FC95E6 /* Assets.xcassets */; };
		114D5998240E7F9D00FC95E6 /* Preview Assets.xcassets in Resources */ = {isa = PBXBuildFile; fileRef = 114D5997240E7F9D00FC95E6 /* Preview Assets.xcassets */; };
		114D599B240E7F9D00FC95E6 /* LaunchScreen.storyboard in Resources */ = {isa = PBXBuildFile; fileRef = 114D5999240E7F9D00FC95E6 /* LaunchScreen.storyboard */; };
/* End PBXBuildFile section */

/* Begin PBXFileReference section */
		114D598B240E7F9C00FC95E6 /* WhoBrokeSilence.app */ = {isa = PBXFileReference; explicitFileType = wrapper.application; includeInIndex = 0; path = WhoBrokeSilence.app; sourceTree = BUILT_PRODUCTS_DIR; };
		114D598E240E7F9C00FC95E6 /* AppDelegate.swift */ = {isa = PBXFileReference; lastKnownFileType = sourcecode.swift; path = AppDelegate.swift; sourceTree = "<group>"; };
		114D5990240E7F9C00FC95E6 /* SceneDelegate.swift */ = {isa = PBXFileReference; lastKnownFileType = sourcecode.swift; path = SceneDelegate.swift; sourceTree = "<group>"; };
		114D5992240E7F9C00FC95E6 /* ContentView.swift */ = {isa = PBXFileReference; lastKnownFileType = sourcecode.swift; path = ContentView.swift; sourceTree = "<group>"; };
		114D5994240E7F9D00FC95E6 /* Assets.xcassets */ = {isa = PBXFileReference; lastKnownFileType = folder.assetcatalog; path = Assets.xcassets; sourceTree = "<group>"; };
		114D5997240E7F9D00FC95E6 /* Preview Assets.xcassets */ = {isa = PBXFileReference; lastKnownFileType = folder.assetcatalog; path = "Preview Assets.xcassets"; sourceTree = "<group>"; };
		114D599A240E7F9D00FC95E6 /* Base */ = {isa = PBXFileReference; lastKnownFileType = file.storyboard; name = Base; path = Base.lproj/LaunchScreen.storyboard; sourceTree = "<group>"; };
		114D599C240E7F9D00FC95E6 /* Info.plist */ = {isa = PBXFileReference; lastKnownFileType = text.plist.xml; path = Info.plist; sourceTree = "<group>"; };
/* End PBXFileReference section */

/* Begin PBXFrameworksBuildPhase section */
		114D5988240E7F9C00FC95E6 /* Frameworks */ = {
			isa = PBXFrameworksBuildPhase;
			buildActionMask = 2147483647;
			files = (
			);
			runOnlyForDeploymentPostprocessing = 0;
		};
/* End PBXFrameworksBuildPhase section */

/* Begin PBXGroup section */
		114D5982240E7F9C00FC95E6 = {
			isa = PBXGroup;
			children = (
				114D598D240E7F9C00FC95E6 /* WhoBrokeSilence */,
				114D598C240E7F9C00FC95E6 /* Products */,
			);
			sourceTree = "<group>";
		};
		114D598C240E7F9C00FC95E6 /* Products */ = {
			isa = PBXGroup;
			children = (
				114D598B240E7F9C00FC95E6 /* WhoBrokeSilence.app */,
			);
			name = Products;
			sourceTree = "<group>";
		};
		114D598D240E7F9C00FC95E6 /* WhoBrokeSilence */ = {
			isa = PBXGroup;
			children = (
				114D598E240E7F9C00FC95E6 /* AppDelegate.swift */,
				114D5990240E7F9C00FC95E6 /* SceneDelegate.swift */,
				114D5992240E7F9C00FC95E6 /* ContentView.swift */,
				114D5994240E7F9D00FC95E6 /* Assets.xcassets */,
				114D5999240E7F9D00FC95E6 /* LaunchScreen.storyboard */,
				114D599C240E7F9D00FC95E6 /* Info.plist */,
				114D5996240E7F9D00FC95E6 /* Preview Content */,
			);
			path = WhoBrokeSilence;
			sourceTree = "<group>";
		};
		114D5996240E7F9D00FC95E6 /* Preview Content */ = {
			isa = PBXGroup;
			children = (
				114D5997240E7F9D00FC95E6 /* Preview Assets.xcassets */,
			);
			path = "Preview Content";
			sourceTree = "<group>";
		};
/* End PBXGroup section */

/* Begin PBXNativeTarget section */
		114D598A240E7F9C00FC95E6 /* WhoBrokeSilence */ = {
			isa = PBXNativeTarget;
			buildConfigurationList = 114D599F240E7F9D00FC95E6 /* Build configuration list for PBXNativeTarget "WhoBrokeSilence" */;
			buildPhases = (
				114D5987240E7F9C00FC95E6 /* Sources */,
				114D5988240E7F9C00FC95E6 /* Frameworks */,
				114D5989240E7F9C00FC95E6 /* Resources */,
			);
			buildRules = (
			);
			dependencies = (
			);
			name = WhoBrokeSilence;
			productName = WhoBrokeSilence;
			productReference = 114D598B240E7F9C00FC95E6 /* WhoBrokeSilence.app */;
			productType = "com.apple.product-type.application";
		};
/* End PBXNativeTarget section */

/* Begin PBXProject section */
		114D5983240E7F9C00FC95E6 /* Project object */ = {
			isa = PBXProject;
			attributes = {
				LastSwiftUpdateCheck = 1130;
				LastUpgradeCheck = 1130;
				ORGANIZATIONNAME = "류성두";
				TargetAttributes = {
					114D598A240E7F9C00FC95E6 = {
						CreatedOnToolsVersion = 11.3.1;
					};
				};
			};
			buildConfigurationList = 114D5986240E7F9C00FC95E6 /* Build configuration list for PBXProject "WhoBrokeSilence" */;
			compatibilityVersion = "Xcode 9.3";
			developmentRegion = en;
			hasScannedForEncodings = 0;
			knownRegions = (
				en,
				Base,
			);
			mainGroup = 114D5982240E7F9C00FC95E6;
			productRefGroup = 114D598C240E7F9C00FC95E6 /* Products */;
			projectDirPath = "";
			projectRoot = "";
			targets = (
				114D598A240E7F9C00FC95E6 /* WhoBrokeSilence */,
			);
		};
/* End PBXProject section */

/* Begin PBXResourcesBuildPhase section */
		114D5989240E7F9C00FC95E6 /* Resources */ = {
			isa = PBXResourcesBuildPhase;
			buildActionMask = 2147483647;
			files = (
				114D599B240E7F9D00FC95E6 /* LaunchScreen.storyboard in Resources */,
				114D5998240E7F9D00FC95E6 /* Preview Assets.xcassets in Resources */,
				114D5995240E7F9D00FC95E6 /* Assets.xcassets in Resources */,
			);
			runOnlyForDeploymentPostprocessing = 0;
		};
/* End PBXResourcesBuildPhase section */

/* Begin PBXSourcesBuildPhase section */
		114D5987240E7F9C00FC95E6 /* Sources */ = {
			isa = PBXSourcesBuildPhase;
			buildActionMask = 2147483647;
			files = (
				114D598F240E7F9C00FC95E6 /* AppDelegate.swift in Sources */,
				114D5991240E7F9C00FC95E6 /* SceneDelegate.swift in Sources */,
				114D5993240E7F9C00FC95E6 /* ContentView.swift in Sources */,
			);
			runOnlyForDeploymentPostprocessing = 0;
		};
/* End PBXSourcesBuildPhase section */

/* Begin PBXVariantGroup section */
		114D5999240E7F9D00FC95E6 /* LaunchScreen.storyboard */ = {
			isa = PBXVariantGroup;
			children = (
				114D599A240E7F9D00FC95E6 /* Base */,
			);
			name = LaunchScreen.storyboard;
			sourceTree = "<group>";
		};
/* End PBXVariantGroup section */

/* Begin XCBuildConfiguration section */
		114D599D240E7F9D00FC95E6 /* Debug */ = {
			isa = XCBuildConfiguration;
			buildSettings = {
				ALWAYS_SEARCH_USER_PATHS = NO;
				CLANG_ANALYZER_NONNULL = YES;
				CLANG_ANALYZER_NUMBER_OBJECT_CONVERSION = YES_AGGRESSIVE;
				CLANG_CXX_LANGUAGE_STANDARD = "gnu++14";
				CLANG_CXX_LIBRARY = "libc++";
				CLANG_ENABLE_MODULES = YES;
				CLANG_ENABLE_OBJC_ARC = YES;
				CLANG_ENABLE_OBJC_WEAK = YES;
				CLANG_WARN_BLOCK_CAPTURE_AUTORELEASING = YES;
				CLANG_WARN_BOOL_CONVERSION = YES;
				CLANG_WARN_COMMA = YES;
				CLANG_WARN_CONSTANT_CONVERSION = YES;
				CLANG_WARN_DEPRECATED_OBJC_IMPLEMENTATIONS = YES;
				CLANG_WARN_DIRECT_OBJC_ISA_USAGE = YES_ERROR;
				CLANG_WARN_DOCUMENTATION_COMMENTS = YES;
				CLANG_WARN_EMPTY_BODY = YES;
				CLANG_WARN_ENUM_CONVERSION = YES;
				CLANG_WARN_INFINITE_RECURSION = YES;
				CLANG_WARN_INT_CONVERSION = YES;
				CLANG_WARN_NON_LITERAL_NULL_CONVERSION = YES;
				CLANG_WARN_OBJC_IMPLICIT_RETAIN_SELF = YES;
				CLANG_WARN_OBJC_LITERAL_CONVERSION = YES;
				CLANG_WARN_OBJC_ROOT_CLASS = YES_ERROR;
				CLANG_WARN_RANGE_LOOP_ANALYSIS = YES;
				CLANG_WARN_STRICT_PROTOTYPES = YES;
				CLANG_WARN_SUSPICIOUS_MOVE = YES;
				CLANG_WARN_UNGUARDED_AVAILABILITY = YES_AGGRESSIVE;
				CLANG_WARN_UNREACHABLE_CODE = YES;
				CLANG_WARN__DUPLICATE_METHOD_MATCH = YES;
				COPY_PHASE_STRIP = NO;
				DEBUG_INFORMATION_FORMAT = dwarf;
				ENABLE_STRICT_OBJC_MSGSEND = YES;
				ENABLE_TESTABILITY = YES;
				GCC_C_LANGUAGE_STANDARD = gnu11;
				GCC_DYNAMIC_NO_PIC = NO;
				GCC_NO_COMMON_BLOCKS = YES;
				GCC_OPTIMIZATION_LEVEL = 0;
				GCC_PREPROCESSOR_DEFINITIONS = (
					"DEBUG=1",
					"$(inherited)",
				);
				GCC_WARN_64_TO_32_BIT_CONVERSION = YES;
				GCC_WARN_ABOUT_RETURN_TYPE = YES_ERROR;
				GCC_WARN_UNDECLARED_SELECTOR = YES;
				GCC_WARN_UNINITIALIZED_AUTOS = YES_AGGRESSIVE;
				GCC_WARN_UNUSED_FUNCTION = YES;
				GCC_WARN_UNUSED_VARIABLE = YES;
				IPHONEOS_DEPLOYMENT_TARGET = 13.2;
				MTL_ENABLE_DEBUG_INFO = INCLUDE_SOURCE;
				MTL_FAST_MATH = YES;
				ONLY_ACTIVE_ARCH = YES;
				SDKROOT = iphoneos;
				SWIFT_ACTIVE_COMPILATION_CONDITIONS = DEBUG;
				SWIFT_OPTIMIZATION_LEVEL = "-Onone";
			};
			name = Debug;
		};
		114D599E240E7F9D00FC95E6 /* Release */ = {
			isa = XCBuildConfiguration;
			buildSettings = {
				ALWAYS_SEARCH_USER_PATHS = NO;
				CLANG_ANALYZER_NONNULL = YES;
				CLANG_ANALYZER_NUMBER_OBJECT_CONVERSION = YES_AGGRESSIVE;
				CLANG_CXX_LANGUAGE_STANDARD = "gnu++14";
				CLANG_CXX_LIBRARY = "libc++";
				CLANG_ENABLE_MODULES = YES;
				CLANG_ENABLE_OBJC_ARC = YES;
				CLANG_ENABLE_OBJC_WEAK = YES;
				CLANG_WARN_BLOCK_CAPTURE_AUTORELEASING = YES;
				CLANG_WARN_BOOL_CONVERSION = YES;
				CLANG_WARN_COMMA = YES;
				CLANG_WARN_CONSTANT_CONVERSION = YES;
				CLANG_WARN_DEPRECATED_OBJC_IMPLEMENTATIONS = YES;
				CLANG_WARN_DIRECT_OBJC_ISA_USAGE = YES_ERROR;
				CLANG_WARN_DOCUMENTATION_COMMENTS = YES;
				CLANG_WARN_EMPTY_BODY = YES;
				CLANG_WARN_ENUM_CONVERSION = YES;
				CLANG_WARN_INFINITE_RECURSION = YES;
				CLANG_WARN_INT_CONVERSION = YES;
				CLANG_WARN_NON_LITERAL_NULL_CONVERSION = YES;
				CLANG_WARN_OBJC_IMPLICIT_RETAIN_SELF = YES;
				CLANG_WARN_OBJC_LITERAL_CONVERSION = YES;
				CLANG_WARN_OBJC_ROOT_CLASS = YES_ERROR;
				CLANG_WARN_RANGE_LOOP_ANALYSIS = YES;
				CLANG_WARN_STRICT_PROTOTYPES = YES;
				CLANG_WARN_SUSPICIOUS_MOVE = YES;
				CLANG_WARN_UNGUARDED_AVAILABILITY = YES_AGGRESSIVE;
				CLANG_WARN_UNREACHABLE_CODE = YES;
				CLANG_WARN__DUPLICATE_METHOD_MATCH = YES;
				COPY_PHASE_STRIP = NO;
				DEBUG_INFORMATION_FORMAT = "dwarf-with-dsym";
				ENABLE_NS_ASSERTIONS = NO;
				ENABLE_STRICT_OBJC_MSGSEND = YES;
				GCC_C_LANGUAGE_STANDARD = gnu11;
				GCC_NO_COMMON_BLOCKS = YES;
				GCC_WARN_64_TO_32_BIT_CONVERSION = YES;
				GCC_WARN_ABOUT_RETURN_TYPE = YES_ERROR;
				GCC_WARN_UNDECLARED_SELECTOR = YES;
				GCC_WARN_UNINITIALIZED_AUTOS = YES_AGGRESSIVE;
				GCC_WARN_UNUSED_FUNCTION = YES;
				GCC_WARN_UNUSED_VARIABLE = YES;
				IPHONEOS_DEPLOYMENT_TARGET = 13.2;
				MTL_ENABLE_DEBUG_INFO = NO;
				MTL_FAST_MATH = YES;
				SDKROOT = iphoneos;
				SWIFT_COMPILATION_MODE = wholemodule;
				SWIFT_OPTIMIZATION_LEVEL = "-O";
				VALIDATE_PRODUCT = YES;
			};
			name = Release;
		};
		114D59A0240E7F9D00FC95E6 /* Debug */ = {
			isa = XCBuildConfiguration;
			buildSettings = {
				ASSETCATALOG_COMPILER_APPICON_NAME = AppIcon;
				CODE_SIGN_STYLE = Automatic;
				DEVELOPMENT_ASSET_PATHS = "\"WhoBrokeSilence/Preview Content\"";
				DEVELOPMENT_TEAM = 7KT5X239S9;
				ENABLE_PREVIEWS = YES;
				INFOPLIST_FILE = WhoBrokeSilence/Info.plist;
				LD_RUNPATH_SEARCH_PATHS = (
					"$(inherited)",
					"@executable_path/Frameworks",
				);
				PRODUCT_BUNDLE_IDENTIFIER = com.sungdoo.WhoBrokeSilence;
				PRODUCT_NAME = "$(TARGET_NAME)";
				SWIFT_VERSION = 5.0;
				TARGETED_DEVICE_FAMILY = "1,2";
			};
			name = Debug;
		};
		114D59A1240E7F9D00FC95E6 /* Release */ = {
			isa = XCBuildConfiguration;
			buildSettings = {
				ASSETCATALOG_COMPILER_APPICON_NAME = AppIcon;
				CODE_SIGN_STYLE = Automatic;
				DEVELOPMENT_ASSET_PATHS = "\"WhoBrokeSilence/Preview Content\"";
				DEVELOPMENT_TEAM = 7KT5X239S9;
				ENABLE_PREVIEWS = YES;
				INFOPLIST_FILE = WhoBrokeSilence/Info.plist;
				LD_RUNPATH_SEARCH_PATHS = (
					"$(inherited)",
					"@executable_path/Frameworks",
				);
				PRODUCT_BUNDLE_IDENTIFIER = com.sungdoo.WhoBrokeSilence;
				PRODUCT_NAME = "$(TARGET_NAME)";
				SWIFT_VERSION = 5.0;
				TARGETED_DEVICE_FAMILY = "1,2";
			};
			name = Release;
		};
/* End XCBuildConfiguration section */

/* Begin XCConfigurationList section */
		114D5986240E7F9C00FC95E6 /* Build configuration list for PBXProject "WhoBrokeSilence" */ = {
			isa = XCConfigurationList;
			buildConfigurations = (
				114D599D240E7F9D00FC95E6 /* Debug */,
				114D599E240E7F9D00FC95E6 /* Release */,
			);
			defaultConfigurationIsVisible = 0;
			defaultConfigurationName = Release;
		};
		114D599F240E7F9D00FC95E6 /* Build configuration list for PBXNativeTarget "WhoBrokeSilence" */ = {
			isa = XCConfigurationList;
			buildConfigurations = (
				114D59A0240E7F9D00FC95E6 /* Debug */,
				114D59A1240E7F9D00FC95E6 /* Release */,
			);
			defaultConfigurationIsVisible = 0;
			defaultConfigurationName = Release;
		};
/* End XCConfigurationList section */
	};
	rootObject = 114D5983240E7F9C00FC95E6 /* Project object */;
}
